
Microsoft Visual Studio Solution File, Format Version 12.00
# Visual Studio Version 16
VisualStudioVersion = 16.0.32428.217
MinimumVisualStudioVersion = 10.0.40219.1
Project("{FAE04EC0-301F-11D3-BF4B-00C04F79EFBC}") = "eTickets", "eTickets\eTickets.csproj", "{E77C1406-079E-487B-B901-D91C5C46ECF7}"
EndProject
Global
	GlobalSection(SolutionConfigurationPlatforms) = preSolution
		Debug|Any CPU = Debug|Any CPU
		Release|Any CPU = Release|Any CPU
	EndGlobalSection
	GlobalSection(ProjectConfigurationPlatforms) = postSolution
		{E77C1406-079E-487B-B901-D91C5C46ECF7}.Debug|Any CPU.ActiveCfg = Debug|Any CPU
		{E77C1406-079E-487B-B901-D91C5C46ECF7}.Debug|Any CPU.Build.0 = Debug|Any CPU
		{E77C1406-079E-487B-B901-D91C5C46ECF7}.Release|Any CPU.ActiveCfg = Release|Any CPU
		{E77C1406-079E-487B-B901-D91C5C46ECF7}.Release|Any CPU.Build.0 = Release|Any CPU
	EndGlobalSection
	GlobalSection(SolutionProperties) = preSolution
		HideSolutionNode = FALSE
	EndGlobalSection
	GlobalSection(ExtensibilityGlobals) = postSolution
		SolutionGuid = {69083FBA-0258-4D51-96BD-6793526CBECD}
	EndGlobalSection
EndGlobal
